// !$*UTF8*$!
{
	archiveVersion = 1;
	classes = {
	};
	objectVersion = 50;
	objects = {

/* Begin PBXBuildFile section */
		1044364024D5A73F001A9335 /* ImageLoader.swift in Sources */ = {isa = PBXBuildFile; fileRef = 1044363F24D5A73F001A9335 /* ImageLoader.swift */; };
		1044364424D5A77D001A9335 /* URLImage.swift in Sources */ = {isa = PBXBuildFile; fileRef = 1044364324D5A77D001A9335 /* URLImage.swift */; };
		1049BC7424CB28B500A626FE /* ModelDataGames.swift in Sources */ = {isa = PBXBuildFile; fileRef = 1049BC7324CB28B500A626FE /* ModelDataGames.swift */; };
		1049BC7624CB37BE00A626FE /* ResponseGame.swift in Sources */ = {isa = PBXBuildFile; fileRef = 1049BC7524CB37BE00A626FE /* ResponseGame.swift */; };
		1049BC7924CB3BB200A626FE /* RobotoCondensed-Bold.ttf in Resources */ = {isa = PBXBuildFile; fileRef = 1049BC7724CB3BB200A626FE /* RobotoCondensed-Bold.ttf */; };
		1049BC7A24CB3BB200A626FE /* RobotoCondensed-Italic.ttf in Resources */ = {isa = PBXBuildFile; fileRef = 1049BC7824CB3BB200A626FE /* RobotoCondensed-Italic.ttf */; };
		1049BC7C24CB3C5C00A626FE /* RobotoCondensed-Regular.ttf in Resources */ = {isa = PBXBuildFile; fileRef = 1049BC7B24CB3C5C00A626FE /* RobotoCondensed-Regular.ttf */; };
		104AC9E124C69CF5008B3D3F /* Roboto-Regular.ttf in Resources */ = {isa = PBXBuildFile; fileRef = 104AC9E024C69CF5008B3D3F /* Roboto-Regular.ttf */; };
		104AC9E424C6A0AB008B3D3F /* Roboto-Medium.ttf in Resources */ = {isa = PBXBuildFile; fileRef = 104AC9E224C6A0AB008B3D3F /* Roboto-Medium.ttf */; };
		104AC9E524C6A0AB008B3D3F /* Roboto-Bold.ttf in Resources */ = {isa = PBXBuildFile; fileRef = 104AC9E324C6A0AB008B3D3F /* Roboto-Bold.ttf */; };
		1053804024CD1728008AFC77 /* GameList.swift in Sources */ = {isa = PBXBuildFile; fileRef = 1053803F24CD1728008AFC77 /* GameList.swift */; };
		1053804324CD19CD008AFC77 /* GameRow.swift in Sources */ = {isa = PBXBuildFile; fileRef = 1053804224CD19CD008AFC77 /* GameRow.swift */; };
		10B1A9AD24C48FE6005B99E6 /* ConstantVal.swift in Sources */ = {isa = PBXBuildFile; fileRef = 10B1A9AC24C48FE6005B99E6 /* ConstantVal.swift */; };
		10B1A9B024C49223005B99E6 /* HomeView.swift in Sources */ = {isa = PBXBuildFile; fileRef = 10B1A9AF24C49223005B99E6 /* HomeView.swift */; };
		10B1A9B224C4944C005B99E6 /* SearchPageView.swift in Sources */ = {isa = PBXBuildFile; fileRef = 10B1A9B124C4944C005B99E6 /* SearchPageView.swift */; };
		10B1A9B424C4946C005B99E6 /* ProfileView.swift in Sources */ = {isa = PBXBuildFile; fileRef = 10B1A9B324C4946C005B99E6 /* ProfileView.swift */; };
		10B2525F24ACAE0900E60B5D /* AppDelegate.swift in Sources */ = {isa = PBXBuildFile; fileRef = 10B2525E24ACAE0900E60B5D /* AppDelegate.swift */; };
		10B2526124ACAE0900E60B5D /* SceneDelegate.swift in Sources */ = {isa = PBXBuildFile; fileRef = 10B2526024ACAE0900E60B5D /* SceneDelegate.swift */; };
		10B2526324ACAE0900E60B5D /* ContentView.swift in Sources */ = {isa = PBXBuildFile; fileRef = 10B2526224ACAE0900E60B5D /* ContentView.swift */; };
		10B2526524ACAE0C00E60B5D /* Assets.xcassets in Resources */ = {isa = PBXBuildFile; fileRef = 10B2526424ACAE0C00E60B5D /* Assets.xcassets */; };
		10B2526824ACAE0C00E60B5D /* Preview Assets.xcassets in Resources */ = {isa = PBXBuildFile; fileRef = 10B2526724ACAE0C00E60B5D /* Preview Assets.xcassets */; };
		10B2526B24ACAE0C00E60B5D /* LaunchScreen.storyboard in Resources */ = {isa = PBXBuildFile; fileRef = 10B2526924ACAE0C00E60B5D /* LaunchScreen.storyboard */; };
/* End PBXBuildFile section */

/* Begin PBXFileReference section */
		1044363F24D5A73F001A9335 /* ImageLoader.swift */ = {isa = PBXFileReference; lastKnownFileType = sourcecode.swift; path = ImageLoader.swift; sourceTree = "<group>"; };
		1044364324D5A77D001A9335 /* URLImage.swift */ = {isa = PBXFileReference; lastKnownFileType = sourcecode.swift; path = URLImage.swift; sourceTree = "<group>"; };
		1049BC7324CB28B500A626FE /* ModelDataGames.swift */ = {isa = PBXFileReference; lastKnownFileType = sourcecode.swift; path = ModelDataGames.swift; sourceTree = "<group>"; };
		1049BC7524CB37BE00A626FE /* ResponseGame.swift */ = {isa = PBXFileReference; lastKnownFileType = sourcecode.swift; path = ResponseGame.swift; sourceTree = "<group>"; };
		1049BC7724CB3BB200A626FE /* RobotoCondensed-Bold.ttf */ = {isa = PBXFileReference; lastKnownFileType = file; path = "RobotoCondensed-Bold.ttf"; sourceTree = "<group>"; };
		1049BC7824CB3BB200A626FE /* RobotoCondensed-Italic.ttf */ = {isa = PBXFileReference; lastKnownFileType = file; path = "RobotoCondensed-Italic.ttf"; sourceTree = "<group>"; };
		1049BC7B24CB3C5C00A626FE /* RobotoCondensed-Regular.ttf */ = {isa = PBXFileReference; lastKnownFileType = file; path = "RobotoCondensed-Regular.ttf"; sourceTree = "<group>"; };
		104AC9E024C69CF5008B3D3F /* Roboto-Regular.ttf */ = {isa = PBXFileReference; lastKnownFileType = file; path = "Roboto-Regular.ttf"; sourceTree = "<group>"; };
		104AC9E224C6A0AB008B3D3F /* Roboto-Medium.ttf */ = {isa = PBXFileReference; lastKnownFileType = file; path = "Roboto-Medium.ttf"; sourceTree = "<group>"; };
		104AC9E324C6A0AB008B3D3F /* Roboto-Bold.ttf */ = {isa = PBXFileReference; lastKnownFileType = file; path = "Roboto-Bold.ttf"; sourceTree = "<group>"; };
		1053803F24CD1728008AFC77 /* GameList.swift */ = {isa = PBXFileReference; lastKnownFileType = sourcecode.swift; path = GameList.swift; sourceTree = "<group>"; };
		1053804224CD19CD008AFC77 /* GameRow.swift */ = {isa = PBXFileReference; lastKnownFileType = sourcecode.swift; path = GameRow.swift; sourceTree = "<group>"; };
		10B1A9AC24C48FE6005B99E6 /* ConstantVal.swift */ = {isa = PBXFileReference; lastKnownFileType = sourcecode.swift; path = ConstantVal.swift; sourceTree = "<group>"; };
		10B1A9AF24C49223005B99E6 /* HomeView.swift */ = {isa = PBXFileReference; lastKnownFileType = sourcecode.swift; path = HomeView.swift; sourceTree = "<group>"; };
		10B1A9B124C4944C005B99E6 /* SearchPageView.swift */ = {isa = PBXFileReference; lastKnownFileType = sourcecode.swift; path = SearchPageView.swift; sourceTree = "<group>"; };
		10B1A9B324C4946C005B99E6 /* ProfileView.swift */ = {isa = PBXFileReference; lastKnownFileType = sourcecode.swift; path = ProfileView.swift; sourceTree = "<group>"; };
		10B2525B24ACAE0900E60B5D /* GameCatalog.app */ = {isa = PBXFileReference; explicitFileType = wrapper.application; includeInIndex = 0; path = GameCatalog.app; sourceTree = BUILT_PRODUCTS_DIR; };
		10B2525E24ACAE0900E60B5D /* AppDelegate.swift */ = {isa = PBXFileReference; lastKnownFileType = sourcecode.swift; path = AppDelegate.swift; sourceTree = "<group>"; };
		10B2526024ACAE0900E60B5D /* SceneDelegate.swift */ = {isa = PBXFileReference; lastKnownFileType = sourcecode.swift; path = SceneDelegate.swift; sourceTree = "<group>"; };
		10B2526224ACAE0900E60B5D /* ContentView.swift */ = {isa = PBXFileReference; lastKnownFileType = sourcecode.swift; path = ContentView.swift; sourceTree = "<group>"; };
		10B2526424ACAE0C00E60B5D /* Assets.xcassets */ = {isa = PBXFileReference; lastKnownFileType = folder.assetcatalog; path = Assets.xcassets; sourceTree = "<group>"; };
		10B2526724ACAE0C00E60B5D /* Preview Assets.xcassets */ = {isa = PBXFileReference; lastKnownFileType = folder.assetcatalog; path = "Preview Assets.xcassets"; sourceTree = "<group>"; };
		10B2526A24ACAE0C00E60B5D /* Base */ = {isa = PBXFileReference; lastKnownFileType = file.storyboard; name = Base; path = Base.lproj/LaunchScreen.storyboard; sourceTree = "<group>"; };
		10B2526C24ACAE0C00E60B5D /* Info.plist */ = {isa = PBXFileReference; lastKnownFileType = text.plist.xml; path = Info.plist; sourceTree = "<group>"; };
/* End PBXFileReference section */

/* Begin PBXFrameworksBuildPhase section */
		10B2525824ACAE0900E60B5D /* Frameworks */ = {
			isa = PBXFrameworksBuildPhase;
			buildActionMask = 2147483647;
			files = (
			);
			runOnlyForDeploymentPostprocessing = 0;
		};
/* End PBXFrameworksBuildPhase section */

/* Begin PBXGroup section */
		1044364124D5A760001A9335 /* LayoutView */ = {
			isa = PBXGroup;
			children = (
				1044364324D5A77D001A9335 /* URLImage.swift */,
			);
			path = LayoutView;
			sourceTree = "<group>";
		};
		1049BC7124CAD4D700A626FE /* ApiResponse */ = {
			isa = PBXGroup;
			children = (
				1049BC7524CB37BE00A626FE /* ResponseGame.swift */,
				1044363F24D5A73F001A9335 /* ImageLoader.swift */,
			);
			path = ApiResponse;
			sourceTree = "<group>";
		};
		1049BC7224CB288F00A626FE /* Model */ = {
			isa = PBXGroup;
			children = (
				1049BC7324CB28B500A626FE /* ModelDataGames.swift */,
			);
			path = Model;
			sourceTree = "<group>";
		};
		104AC9DF24C69A60008B3D3F /* Fonts */ = {
			isa = PBXGroup;
			children = (
				1049BC7B24CB3C5C00A626FE /* RobotoCondensed-Regular.ttf */,
				1049BC7724CB3BB200A626FE /* RobotoCondensed-Bold.ttf */,
				1049BC7824CB3BB200A626FE /* RobotoCondensed-Italic.ttf */,
				104AC9E324C6A0AB008B3D3F /* Roboto-Bold.ttf */,
				104AC9E224C6A0AB008B3D3F /* Roboto-Medium.ttf */,
				104AC9E024C69CF5008B3D3F /* Roboto-Regular.ttf */,
			);
			path = Fonts;
			sourceTree = "<group>";
		};
		1053804124CD19AD008AFC77 /* ItemGame */ = {
			isa = PBXGroup;
			children = (
				1053803F24CD1728008AFC77 /* GameList.swift */,
				1053804224CD19CD008AFC77 /* GameRow.swift */,
			);
			path = ItemGame;
			sourceTree = "<group>";
		};
		10B1A9AB24C486AE005B99E6 /* utils */ = {
			isa = PBXGroup;
			children = (
				10B1A9AC24C48FE6005B99E6 /* ConstantVal.swift */,
			);
			path = utils;
			sourceTree = "<group>";
		};
		10B1A9AE24C49203005B99E6 /* View */ = {
			isa = PBXGroup;
			children = (
				1044364124D5A760001A9335 /* LayoutView */,
				1053804124CD19AD008AFC77 /* ItemGame */,
				10B1A9AF24C49223005B99E6 /* HomeView.swift */,
				10B1A9B124C4944C005B99E6 /* SearchPageView.swift */,
				10B1A9B324C4946C005B99E6 /* ProfileView.swift */,
			);
			path = View;
			sourceTree = "<group>";
		};
		10B2525224ACAE0900E60B5D = {
			isa = PBXGroup;
			children = (
				10B2525D24ACAE0900E60B5D /* GameCatalog */,
				10B2525C24ACAE0900E60B5D /* Products */,
			);
			sourceTree = "<group>";
		};
		10B2525C24ACAE0900E60B5D /* Products */ = {
			isa = PBXGroup;
			children = (
				10B2525B24ACAE0900E60B5D /* GameCatalog.app */,
			);
			name = Products;
			sourceTree = "<group>";
		};
		10B2525D24ACAE0900E60B5D /* GameCatalog */ = {
			isa = PBXGroup;
			children = (
				1049BC7224CB288F00A626FE /* Model */,
				1049BC7124CAD4D700A626FE /* ApiResponse */,
				104AC9DF24C69A60008B3D3F /* Fonts */,
				10B1A9AE24C49203005B99E6 /* View */,
				10B1A9AB24C486AE005B99E6 /* utils */,
				10B2525E24ACAE0900E60B5D /* AppDelegate.swift */,
				10B2526024ACAE0900E60B5D /* SceneDelegate.swift */,
				10B2526224ACAE0900E60B5D /* ContentView.swift */,
				10B2526424ACAE0C00E60B5D /* Assets.xcassets */,
				10B2526924ACAE0C00E60B5D /* LaunchScreen.storyboard */,
				10B2526C24ACAE0C00E60B5D /* Info.plist */,
				10B2526624ACAE0C00E60B5D /* Preview Content */,
			);
			path = GameCatalog;
			sourceTree = "<group>";
		};
		10B2526624ACAE0C00E60B5D /* Preview Content */ = {
			isa = PBXGroup;
			children = (
				10B2526724ACAE0C00E60B5D /* Preview Assets.xcassets */,
			);
			path = "Preview Content";
			sourceTree = "<group>";
		};
/* End PBXGroup section */

/* Begin PBXNativeTarget section */
		10B2525A24ACAE0900E60B5D /* GameCatalog */ = {
			isa = PBXNativeTarget;
			buildConfigurationList = 10B2526F24ACAE0C00E60B5D /* Build configuration list for PBXNativeTarget "GameCatalog" */;
			buildPhases = (
				10B2525724ACAE0900E60B5D /* Sources */,
				10B2525824ACAE0900E60B5D /* Frameworks */,
				10B2525924ACAE0900E60B5D /* Resources */,
			);
			buildRules = (
			);
			dependencies = (
			);
			name = GameCatalog;
			productName = GameCatalog;
			productReference = 10B2525B24ACAE0900E60B5D /* GameCatalog.app */;
			productType = "com.apple.product-type.application";
		};
/* End PBXNativeTarget section */

/* Begin PBXProject section */
		10B2525324ACAE0900E60B5D /* Project object */ = {
			isa = PBXProject;
			attributes = {
				LastSwiftUpdateCheck = 1130;
				LastUpgradeCheck = 1130;
				ORGANIZATIONNAME = "Kelvin HT";
				TargetAttributes = {
					10B2525A24ACAE0900E60B5D = {
						CreatedOnToolsVersion = 11.3.1;
					};
				};
			};
			buildConfigurationList = 10B2525624ACAE0900E60B5D /* Build configuration list for PBXProject "GameCatalog" */;
			compatibilityVersion = "Xcode 9.3";
			developmentRegion = en;
			hasScannedForEncodings = 0;
			knownRegions = (
				en,
				Base,
			);
			mainGroup = 10B2525224ACAE0900E60B5D;
			productRefGroup = 10B2525C24ACAE0900E60B5D /* Products */;
			projectDirPath = "";
			projectRoot = "";
			targets = (
				10B2525A24ACAE0900E60B5D /* GameCatalog */,
			);
		};
/* End PBXProject section */

/* Begin PBXResourcesBuildPhase section */
		10B2525924ACAE0900E60B5D /* Resources */ = {
			isa = PBXResourcesBuildPhase;
			buildActionMask = 2147483647;
			files = (
				104AC9E424C6A0AB008B3D3F /* Roboto-Medium.ttf in Resources */,
				1049BC7A24CB3BB200A626FE /* RobotoCondensed-Italic.ttf in Resources */,
				10B2526B24ACAE0C00E60B5D /* LaunchScreen.storyboard in Resources */,
				104AC9E524C6A0AB008B3D3F /* Roboto-Bold.ttf in Resources */,
				10B2526824ACAE0C00E60B5D /* Preview Assets.xcassets in Resources */,
				1049BC7924CB3BB200A626FE /* RobotoCondensed-Bold.ttf in Resources */,
				1049BC7C24CB3C5C00A626FE /* RobotoCondensed-Regular.ttf in Resources */,
				104AC9E124C69CF5008B3D3F /* Roboto-Regular.ttf in Resources */,
				10B2526524ACAE0C00E60B5D /* Assets.xcassets in Resources */,
			);
			runOnlyForDeploymentPostprocessing = 0;
		};
/* End PBXResourcesBuildPhase section */

/* Begin PBXSourcesBuildPhase section */
		10B2525724ACAE0900E60B5D /* Sources */ = {
			isa = PBXSourcesBuildPhase;
			buildActionMask = 2147483647;
			files = (
				1053804324CD19CD008AFC77 /* GameRow.swift in Sources */,
				10B2525F24ACAE0900E60B5D /* AppDelegate.swift in Sources */,
				1044364024D5A73F001A9335 /* ImageLoader.swift in Sources */,
				10B1A9B224C4944C005B99E6 /* SearchPageView.swift in Sources */,
				10B1A9AD24C48FE6005B99E6 /* ConstantVal.swift in Sources */,
				1044364424D5A77D001A9335 /* URLImage.swift in Sources */,
				10B2526124ACAE0900E60B5D /* SceneDelegate.swift in Sources */,
				1049BC7624CB37BE00A626FE /* ResponseGame.swift in Sources */,
				10B1A9B024C49223005B99E6 /* HomeView.swift in Sources */,
				10B1A9B424C4946C005B99E6 /* ProfileView.swift in Sources */,
				1053804024CD1728008AFC77 /* GameList.swift in Sources */,
				10B2526324ACAE0900E60B5D /* ContentView.swift in Sources */,
				1049BC7424CB28B500A626FE /* ModelDataGames.swift in Sources */,
			);
			runOnlyForDeploymentPostprocessing = 0;
		};
/* End PBXSourcesBuildPhase section */

/* Begin PBXVariantGroup section */
		10B2526924ACAE0C00E60B5D /* LaunchScreen.storyboard */ = {
			isa = PBXVariantGroup;
			children = (
				10B2526A24ACAE0C00E60B5D /* Base */,
			);
			name = LaunchScreen.storyboard;
			sourceTree = "<group>";
		};
/* End PBXVariantGroup section */

/* Begin XCBuildConfiguration section */
		10B2526D24ACAE0C00E60B5D /* Debug */ = {
			isa = XCBuildConfiguration;
			buildSettings = {
				ALWAYS_SEARCH_USER_PATHS = NO;
				CLANG_ANALYZER_NONNULL = YES;
				CLANG_ANALYZER_NUMBER_OBJECT_CONVERSION = YES_AGGRESSIVE;
				CLANG_CXX_LANGUAGE_STANDARD = "gnu++14";
				CLANG_CXX_LIBRARY = "libc++";
				CLANG_ENABLE_MODULES = YES;
				CLANG_ENABLE_OBJC_ARC = YES;
				CLANG_ENABLE_OBJC_WEAK = YES;
				CLANG_WARN_BLOCK_CAPTURE_AUTORELEASING = YES;
				CLANG_WARN_BOOL_CONVERSION = YES;
				CLANG_WARN_COMMA = YES;
				CLANG_WARN_CONSTANT_CONVERSION = YES;
				CLANG_WARN_DEPRECATED_OBJC_IMPLEMENTATIONS = YES;
				CLANG_WARN_DIRECT_OBJC_ISA_USAGE = YES_ERROR;
				CLANG_WARN_DOCUMENTATION_COMMENTS = YES;
				CLANG_WARN_EMPTY_BODY = YES;
				CLANG_WARN_ENUM_CONVERSION = YES;
				CLANG_WARN_INFINITE_RECURSION = YES;
				CLANG_WARN_INT_CONVERSION = YES;
				CLANG_WARN_NON_LITERAL_NULL_CONVERSION = YES;
				CLANG_WARN_OBJC_IMPLICIT_RETAIN_SELF = YES;
				CLANG_WARN_OBJC_LITERAL_CONVERSION = YES;
				CLANG_WARN_OBJC_ROOT_CLASS = YES_ERROR;
				CLANG_WARN_RANGE_LOOP_ANALYSIS = YES;
				CLANG_WARN_STRICT_PROTOTYPES = YES;
				CLANG_WARN_SUSPICIOUS_MOVE = YES;
				CLANG_WARN_UNGUARDED_AVAILABILITY = YES_AGGRESSIVE;
				CLANG_WARN_UNREACHABLE_CODE = YES;
				CLANG_WARN__DUPLICATE_METHOD_MATCH = YES;
				COPY_PHASE_STRIP = NO;
				DEBUG_INFORMATION_FORMAT = dwarf;
				ENABLE_STRICT_OBJC_MSGSEND = YES;
				ENABLE_TESTABILITY = YES;
				GCC_C_LANGUAGE_STANDARD = gnu11;
				GCC_DYNAMIC_NO_PIC = NO;
				GCC_NO_COMMON_BLOCKS = YES;
				GCC_OPTIMIZATION_LEVEL = 0;
				GCC_PREPROCESSOR_DEFINITIONS = (
					"DEBUG=1",
					"$(inherited)",
				);
				GCC_WARN_64_TO_32_BIT_CONVERSION = YES;
				GCC_WARN_ABOUT_RETURN_TYPE = YES_ERROR;
				GCC_WARN_UNDECLARED_SELECTOR = YES;
				GCC_WARN_UNINITIALIZED_AUTOS = YES_AGGRESSIVE;
				GCC_WARN_UNUSED_FUNCTION = YES;
				GCC_WARN_UNUSED_VARIABLE = YES;
				IPHONEOS_DEPLOYMENT_TARGET = 13.2;
				MTL_ENABLE_DEBUG_INFO = INCLUDE_SOURCE;
				MTL_FAST_MATH = YES;
				ONLY_ACTIVE_ARCH = YES;
				SDKROOT = iphoneos;
				SWIFT_ACTIVE_COMPILATION_CONDITIONS = DEBUG;
				SWIFT_OPTIMIZATION_LEVEL = "-Onone";
			};
			name = Debug;
		};
		10B2526E24ACAE0C00E60B5D /* Release */ = {
			isa = XCBuildConfiguration;
			buildSettings = {
				ALWAYS_SEARCH_USER_PATHS = NO;
				CLANG_ANALYZER_NONNULL = YES;
				CLANG_ANALYZER_NUMBER_OBJECT_CONVERSION = YES_AGGRESSIVE;
				CLANG_CXX_LANGUAGE_STANDARD = "gnu++14";
				CLANG_CXX_LIBRARY = "libc++";
				CLANG_ENABLE_MODULES = YES;
				CLANG_ENABLE_OBJC_ARC = YES;
				CLANG_ENABLE_OBJC_WEAK = YES;
				CLANG_WARN_BLOCK_CAPTURE_AUTORELEASING = YES;
				CLANG_WARN_BOOL_CONVERSION = YES;
				CLANG_WARN_COMMA = YES;
				CLANG_WARN_CONSTANT_CONVERSION = YES;
				CLANG_WARN_DEPRECATED_OBJC_IMPLEMENTATIONS = YES;
				CLANG_WARN_DIRECT_OBJC_ISA_USAGE = YES_ERROR;
				CLANG_WARN_DOCUMENTATION_COMMENTS = YES;
				CLANG_WARN_EMPTY_BODY = YES;
				CLANG_WARN_ENUM_CONVERSION = YES;
				CLANG_WARN_INFINITE_RECURSION = YES;
				CLANG_WARN_INT_CONVERSION = YES;
				CLANG_WARN_NON_LITERAL_NULL_CONVERSION = YES;
				CLANG_WARN_OBJC_IMPLICIT_RETAIN_SELF = YES;
				CLANG_WARN_OBJC_LITERAL_CONVERSION = YES;
				CLANG_WARN_OBJC_ROOT_CLASS = YES_ERROR;
				CLANG_WARN_RANGE_LOOP_ANALYSIS = YES;
				CLANG_WARN_STRICT_PROTOTYPES = YES;
				CLANG_WARN_SUSPICIOUS_MOVE = YES;
				CLANG_WARN_UNGUARDED_AVAILABILITY = YES_AGGRESSIVE;
				CLANG_WARN_UNREACHABLE_CODE = YES;
				CLANG_WARN__DUPLICATE_METHOD_MATCH = YES;
				COPY_PHASE_STRIP = NO;
				DEBUG_INFORMATION_FORMAT = "dwarf-with-dsym";
				ENABLE_NS_ASSERTIONS = NO;
				ENABLE_STRICT_OBJC_MSGSEND = YES;
				GCC_C_LANGUAGE_STANDARD = gnu11;
				GCC_NO_COMMON_BLOCKS = YES;
				GCC_WARN_64_TO_32_BIT_CONVERSION = YES;
				GCC_WARN_ABOUT_RETURN_TYPE = YES_ERROR;
				GCC_WARN_UNDECLARED_SELECTOR = YES;
				GCC_WARN_UNINITIALIZED_AUTOS = YES_AGGRESSIVE;
				GCC_WARN_UNUSED_FUNCTION = YES;
				GCC_WARN_UNUSED_VARIABLE = YES;
				IPHONEOS_DEPLOYMENT_TARGET = 13.2;
				MTL_ENABLE_DEBUG_INFO = NO;
				MTL_FAST_MATH = YES;
				SDKROOT = iphoneos;
				SWIFT_COMPILATION_MODE = wholemodule;
				SWIFT_OPTIMIZATION_LEVEL = "-O";
				VALIDATE_PRODUCT = YES;
			};
			name = Release;
		};
		10B2527024ACAE0C00E60B5D /* Debug */ = {
			isa = XCBuildConfiguration;
			buildSettings = {
				ASSETCATALOG_COMPILER_APPICON_NAME = AppIcon;
				CODE_SIGN_STYLE = Automatic;
				DEVELOPMENT_ASSET_PATHS = "\"GameCatalog/Preview Content\"";
				ENABLE_PREVIEWS = YES;
				INFOPLIST_FILE = GameCatalog/Info.plist;
				LD_RUNPATH_SEARCH_PATHS = (
					"$(inherited)",
					"@executable_path/Frameworks",
				);
				PRODUCT_BUNDLE_IDENTIFIER = com.algokelvin.GameCatalog;
				PRODUCT_NAME = "$(TARGET_NAME)";
				SWIFT_VERSION = 5.0;
				TARGETED_DEVICE_FAMILY = "1,2";
			};
			name = Debug;
		};
		10B2527124ACAE0C00E60B5D /* Release */ = {
			isa = XCBuildConfiguration;
			buildSettings = {
				ASSETCATALOG_COMPILER_APPICON_NAME = AppIcon;
				CODE_SIGN_STYLE = Automatic;
				DEVELOPMENT_ASSET_PATHS = "\"GameCatalog/Preview Content\"";
				ENABLE_PREVIEWS = YES;
				INFOPLIST_FILE = GameCatalog/Info.plist;
				LD_RUNPATH_SEARCH_PATHS = (
					"$(inherited)",
					"@executable_path/Frameworks",
				);
				PRODUCT_BUNDLE_IDENTIFIER = com.algokelvin.GameCatalog;
				PRODUCT_NAME = "$(TARGET_NAME)";
				SWIFT_VERSION = 5.0;
				TARGETED_DEVICE_FAMILY = "1,2";
			};
			name = Release;
		};
/* End XCBuildConfiguration section */

/* Begin XCConfigurationList section */
		10B2525624ACAE0900E60B5D /* Build configuration list for PBXProject "GameCatalog" */ = {
			isa = XCConfigurationList;
			buildConfigurations = (
				10B2526D24ACAE0C00E60B5D /* Debug */,
				10B2526E24ACAE0C00E60B5D /* Release */,
			);
			defaultConfigurationIsVisible = 0;
			defaultConfigurationName = Release;
		};
		10B2526F24ACAE0C00E60B5D /* Build configuration list for PBXNativeTarget "GameCatalog" */ = {
			isa = XCConfigurationList;
			buildConfigurations = (
				10B2527024ACAE0C00E60B5D /* Debug */,
				10B2527124ACAE0C00E60B5D /* Release */,
			);
			defaultConfigurationIsVisible = 0;
			defaultConfigurationName = Release;
		};
/* End XCConfigurationList section */
	};
	rootObject = 10B2525324ACAE0900E60B5D /* Project object */;
}
