// !$*UTF8*$!
{
	archiveVersion = 1;
	classes = {
	};
	objectVersion = 50;
	objects = {

/* Begin PBXBuildFile section */
		104441E624D2A65E001BC229 /* AppDelegate.swift in Sources */ = {isa = PBXBuildFile; fileRef = 104441E524D2A65E001BC229 /* AppDelegate.swift */; };
		104441E824D2A65E001BC229 /* SceneDelegate.swift in Sources */ = {isa = PBXBuildFile; fileRef = 104441E724D2A65E001BC229 /* SceneDelegate.swift */; };
		104441EA24D2A65E001BC229 /* ContentView.swift in Sources */ = {isa = PBXBuildFile; fileRef = 104441E924D2A65E001BC229 /* ContentView.swift */; };
		104441EC24D2A663001BC229 /* Assets.xcassets in Resources */ = {isa = PBXBuildFile; fileRef = 104441EB24D2A663001BC229 /* Assets.xcassets */; };
		104441EF24D2A663001BC229 /* Preview Assets.xcassets in Resources */ = {isa = PBXBuildFile; fileRef = 104441EE24D2A663001BC229 /* Preview Assets.xcassets */; };
		104441F224D2A663001BC229 /* LaunchScreen.storyboard in Resources */ = {isa = PBXBuildFile; fileRef = 104441F024D2A663001BC229 /* LaunchScreen.storyboard */; };
/* End PBXBuildFile section */

/* Begin PBXFileReference section */
		104441E224D2A65E001BC229 /* m24_image_url.app */ = {isa = PBXFileReference; explicitFileType = wrapper.application; includeInIndex = 0; path = m24_image_url.app; sourceTree = BUILT_PRODUCTS_DIR; };
		104441E524D2A65E001BC229 /* AppDelegate.swift */ = {isa = PBXFileReference; lastKnownFileType = sourcecode.swift; path = AppDelegate.swift; sourceTree = "<group>"; };
		104441E724D2A65E001BC229 /* SceneDelegate.swift */ = {isa = PBXFileReference; lastKnownFileType = sourcecode.swift; path = SceneDelegate.swift; sourceTree = "<group>"; };
		104441E924D2A65E001BC229 /* ContentView.swift */ = {isa = PBXFileReference; lastKnownFileType = sourcecode.swift; path = ContentView.swift; sourceTree = "<group>"; };
		104441EB24D2A663001BC229 /* Assets.xcassets */ = {isa = PBXFileReference; lastKnownFileType = folder.assetcatalog; path = Assets.xcassets; sourceTree = "<group>"; };
		104441EE24D2A663001BC229 /* Preview Assets.xcassets */ = {isa = PBXFileReference; lastKnownFileType = folder.assetcatalog; path = "Preview Assets.xcassets"; sourceTree = "<group>"; };
		104441F124D2A663001BC229 /* Base */ = {isa = PBXFileReference; lastKnownFileType = file.storyboard; name = Base; path = Base.lproj/LaunchScreen.storyboard; sourceTree = "<group>"; };
		104441F324D2A663001BC229 /* Info.plist */ = {isa = PBXFileReference; lastKnownFileType = text.plist.xml; path = Info.plist; sourceTree = "<group>"; };
/* End PBXFileReference section */

/* Begin PBXFrameworksBuildPhase section */
		104441DF24D2A65E001BC229 /* Frameworks */ = {
			isa = PBXFrameworksBuildPhase;
			buildActionMask = 2147483647;
			files = (
			);
			runOnlyForDeploymentPostprocessing = 0;
		};
/* End PBXFrameworksBuildPhase section */

/* Begin PBXGroup section */
		104441D924D2A65E001BC229 = {
			isa = PBXGroup;
			children = (
				104441E424D2A65E001BC229 /* m24_image_url */,
				104441E324D2A65E001BC229 /* Products */,
			);
			sourceTree = "<group>";
		};
		104441E324D2A65E001BC229 /* Products */ = {
			isa = PBXGroup;
			children = (
				104441E224D2A65E001BC229 /* m24_image_url.app */,
			);
			name = Products;
			sourceTree = "<group>";
		};
		104441E424D2A65E001BC229 /* m24_image_url */ = {
			isa = PBXGroup;
			children = (
				104441E524D2A65E001BC229 /* AppDelegate.swift */,
				104441E724D2A65E001BC229 /* SceneDelegate.swift */,
				104441E924D2A65E001BC229 /* ContentView.swift */,
				104441EB24D2A663001BC229 /* Assets.xcassets */,
				104441F024D2A663001BC229 /* LaunchScreen.storyboard */,
				104441F324D2A663001BC229 /* Info.plist */,
				104441ED24D2A663001BC229 /* Preview Content */,
			);
			path = m24_image_url;
			sourceTree = "<group>";
		};
		104441ED24D2A663001BC229 /* Preview Content */ = {
			isa = PBXGroup;
			children = (
				104441EE24D2A663001BC229 /* Preview Assets.xcassets */,
			);
			path = "Preview Content";
			sourceTree = "<group>";
		};
/* End PBXGroup section */

/* Begin PBXNativeTarget section */
		104441E124D2A65E001BC229 /* m24_image_url */ = {
			isa = PBXNativeTarget;
			buildConfigurationList = 104441F624D2A663001BC229 /* Build configuration list for PBXNativeTarget "m24_image_url" */;
			buildPhases = (
				104441DE24D2A65E001BC229 /* Sources */,
				104441DF24D2A65E001BC229 /* Frameworks */,
				104441E024D2A65E001BC229 /* Resources */,
			);
			buildRules = (
			);
			dependencies = (
			);
			name = m24_image_url;
			productName = m24_image_url;
			productReference = 104441E224D2A65E001BC229 /* m24_image_url.app */;
			productType = "com.apple.product-type.application";
		};
/* End PBXNativeTarget section */

/* Begin PBXProject section */
		104441DA24D2A65E001BC229 /* Project object */ = {
			isa = PBXProject;
			attributes = {
				LastSwiftUpdateCheck = 1130;
				LastUpgradeCheck = 1130;
				ORGANIZATIONNAME = "Kelvin HT";
				TargetAttributes = {
					104441E124D2A65E001BC229 = {
						CreatedOnToolsVersion = 11.3.1;
					};
				};
			};
			buildConfigurationList = 104441DD24D2A65E001BC229 /* Build configuration list for PBXProject "m24_image_url" */;
			compatibilityVersion = "Xcode 9.3";
			developmentRegion = en;
			hasScannedForEncodings = 0;
			knownRegions = (
				en,
				Base,
			);
			mainGroup = 104441D924D2A65E001BC229;
			productRefGroup = 104441E324D2A65E001BC229 /* Products */;
			projectDirPath = "";
			projectRoot = "";
			targets = (
				104441E124D2A65E001BC229 /* m24_image_url */,
			);
		};
/* End PBXProject section */

/* Begin PBXResourcesBuildPhase section */
		104441E024D2A65E001BC229 /* Resources */ = {
			isa = PBXResourcesBuildPhase;
			buildActionMask = 2147483647;
			files = (
				104441F224D2A663001BC229 /* LaunchScreen.storyboard in Resources */,
				104441EF24D2A663001BC229 /* Preview Assets.xcassets in Resources */,
				104441EC24D2A663001BC229 /* Assets.xcassets in Resources */,
			);
			runOnlyForDeploymentPostprocessing = 0;
		};
/* End PBXResourcesBuildPhase section */

/* Begin PBXSourcesBuildPhase section */
		104441DE24D2A65E001BC229 /* Sources */ = {
			isa = PBXSourcesBuildPhase;
			buildActionMask = 2147483647;
			files = (
				104441E624D2A65E001BC229 /* AppDelegate.swift in Sources */,
				104441E824D2A65E001BC229 /* SceneDelegate.swift in Sources */,
				104441EA24D2A65E001BC229 /* ContentView.swift in Sources */,
			);
			runOnlyForDeploymentPostprocessing = 0;
		};
/* End PBXSourcesBuildPhase section */

/* Begin PBXVariantGroup section */
		104441F024D2A663001BC229 /* LaunchScreen.storyboard */ = {
			isa = PBXVariantGroup;
			children = (
				104441F124D2A663001BC229 /* Base */,
			);
			name = LaunchScreen.storyboard;
			sourceTree = "<group>";
		};
/* End PBXVariantGroup section */

/* Begin XCBuildConfiguration section */
		104441F424D2A663001BC229 /* Debug */ = {
			isa = XCBuildConfiguration;
			buildSettings = {
				ALWAYS_SEARCH_USER_PATHS = NO;
				CLANG_ANALYZER_NONNULL = YES;
				CLANG_ANALYZER_NUMBER_OBJECT_CONVERSION = YES_AGGRESSIVE;
				CLANG_CXX_LANGUAGE_STANDARD = "gnu++14";
				CLANG_CXX_LIBRARY = "libc++";
				CLANG_ENABLE_MODULES = YES;
				CLANG_ENABLE_OBJC_ARC = YES;
				CLANG_ENABLE_OBJC_WEAK = YES;
				CLANG_WARN_BLOCK_CAPTURE_AUTORELEASING = YES;
				CLANG_WARN_BOOL_CONVERSION = YES;
				CLANG_WARN_COMMA = YES;
				CLANG_WARN_CONSTANT_CONVERSION = YES;
				CLANG_WARN_DEPRECATED_OBJC_IMPLEMENTATIONS = YES;
				CLANG_WARN_DIRECT_OBJC_ISA_USAGE = YES_ERROR;
				CLANG_WARN_DOCUMENTATION_COMMENTS = YES;
				CLANG_WARN_EMPTY_BODY = YES;
				CLANG_WARN_ENUM_CONVERSION = YES;
				CLANG_WARN_INFINITE_RECURSION = YES;
				CLANG_WARN_INT_CONVERSION = YES;
				CLANG_WARN_NON_LITERAL_NULL_CONVERSION = YES;
				CLANG_WARN_OBJC_IMPLICIT_RETAIN_SELF = YES;
				CLANG_WARN_OBJC_LITERAL_CONVERSION = YES;
				CLANG_WARN_OBJC_ROOT_CLASS = YES_ERROR;
				CLANG_WARN_RANGE_LOOP_ANALYSIS = YES;
				CLANG_WARN_STRICT_PROTOTYPES = YES;
				CLANG_WARN_SUSPICIOUS_MOVE = YES;
				CLANG_WARN_UNGUARDED_AVAILABILITY = YES_AGGRESSIVE;
				CLANG_WARN_UNREACHABLE_CODE = YES;
				CLANG_WARN__DUPLICATE_METHOD_MATCH = YES;
				COPY_PHASE_STRIP = NO;
				DEBUG_INFORMATION_FORMAT = dwarf;
				ENABLE_STRICT_OBJC_MSGSEND = YES;
				ENABLE_TESTABILITY = YES;
				GCC_C_LANGUAGE_STANDARD = gnu11;
				GCC_DYNAMIC_NO_PIC = NO;
				GCC_NO_COMMON_BLOCKS = YES;
				GCC_OPTIMIZATION_LEVEL = 0;
				GCC_PREPROCESSOR_DEFINITIONS = (
					"DEBUG=1",
					"$(inherited)",
				);
				GCC_WARN_64_TO_32_BIT_CONVERSION = YES;
				GCC_WARN_ABOUT_RETURN_TYPE = YES_ERROR;
				GCC_WARN_UNDECLARED_SELECTOR = YES;
				GCC_WARN_UNINITIALIZED_AUTOS = YES_AGGRESSIVE;
				GCC_WARN_UNUSED_FUNCTION = YES;
				GCC_WARN_UNUSED_VARIABLE = YES;
				IPHONEOS_DEPLOYMENT_TARGET = 13.2;
				MTL_ENABLE_DEBUG_INFO = INCLUDE_SOURCE;
				MTL_FAST_MATH = YES;
				ONLY_ACTIVE_ARCH = YES;
				SDKROOT = iphoneos;
				SWIFT_ACTIVE_COMPILATION_CONDITIONS = DEBUG;
				SWIFT_OPTIMIZATION_LEVEL = "-Onone";
			};
			name = Debug;
		};
		104441F524D2A663001BC229 /* Release */ = {
			isa = XCBuildConfiguration;
			buildSettings = {
				ALWAYS_SEARCH_USER_PATHS = NO;
				CLANG_ANALYZER_NONNULL = YES;
				CLANG_ANALYZER_NUMBER_OBJECT_CONVERSION = YES_AGGRESSIVE;
				CLANG_CXX_LANGUAGE_STANDARD = "gnu++14";
				CLANG_CXX_LIBRARY = "libc++";
				CLANG_ENABLE_MODULES = YES;
				CLANG_ENABLE_OBJC_ARC = YES;
				CLANG_ENABLE_OBJC_WEAK = YES;
				CLANG_WARN_BLOCK_CAPTURE_AUTORELEASING = YES;
				CLANG_WARN_BOOL_CONVERSION = YES;
				CLANG_WARN_COMMA = YES;
				CLANG_WARN_CONSTANT_CONVERSION = YES;
				CLANG_WARN_DEPRECATED_OBJC_IMPLEMENTATIONS = YES;
				CLANG_WARN_DIRECT_OBJC_ISA_USAGE = YES_ERROR;
				CLANG_WARN_DOCUMENTATION_COMMENTS = YES;
				CLANG_WARN_EMPTY_BODY = YES;
				CLANG_WARN_ENUM_CONVERSION = YES;
				CLANG_WARN_INFINITE_RECURSION = YES;
				CLANG_WARN_INT_CONVERSION = YES;
				CLANG_WARN_NON_LITERAL_NULL_CONVERSION = YES;
				CLANG_WARN_OBJC_IMPLICIT_RETAIN_SELF = YES;
				CLANG_WARN_OBJC_LITERAL_CONVERSION = YES;
				CLANG_WARN_OBJC_ROOT_CLASS = YES_ERROR;
				CLANG_WARN_RANGE_LOOP_ANALYSIS = YES;
				CLANG_WARN_STRICT_PROTOTYPES = YES;
				CLANG_WARN_SUSPICIOUS_MOVE = YES;
				CLANG_WARN_UNGUARDED_AVAILABILITY = YES_AGGRESSIVE;
				CLANG_WARN_UNREACHABLE_CODE = YES;
				CLANG_WARN__DUPLICATE_METHOD_MATCH = YES;
				COPY_PHASE_STRIP = NO;
				DEBUG_INFORMATION_FORMAT = "dwarf-with-dsym";
				ENABLE_NS_ASSERTIONS = NO;
				ENABLE_STRICT_OBJC_MSGSEND = YES;
				GCC_C_LANGUAGE_STANDARD = gnu11;
				GCC_NO_COMMON_BLOCKS = YES;
				GCC_WARN_64_TO_32_BIT_CONVERSION = YES;
				GCC_WARN_ABOUT_RETURN_TYPE = YES_ERROR;
				GCC_WARN_UNDECLARED_SELECTOR = YES;
				GCC_WARN_UNINITIALIZED_AUTOS = YES_AGGRESSIVE;
				GCC_WARN_UNUSED_FUNCTION = YES;
				GCC_WARN_UNUSED_VARIABLE = YES;
				IPHONEOS_DEPLOYMENT_TARGET = 13.2;
				MTL_ENABLE_DEBUG_INFO = NO;
				MTL_FAST_MATH = YES;
				SDKROOT = iphoneos;
				SWIFT_COMPILATION_MODE = wholemodule;
				SWIFT_OPTIMIZATION_LEVEL = "-O";
				VALIDATE_PRODUCT = YES;
			};
			name = Release;
		};
		104441F724D2A663001BC229 /* Debug */ = {
			isa = XCBuildConfiguration;
			buildSettings = {
				ASSETCATALOG_COMPILER_APPICON_NAME = AppIcon;
				CODE_SIGN_STYLE = Automatic;
				DEVELOPMENT_ASSET_PATHS = "\"m24_image_url/Preview Content\"";
				ENABLE_PREVIEWS = YES;
				INFOPLIST_FILE = m24_image_url/Info.plist;
				LD_RUNPATH_SEARCH_PATHS = (
					"$(inherited)",
					"@executable_path/Frameworks",
				);
				PRODUCT_BUNDLE_IDENTIFIER = "com.algokelvin.m24-image-url";
				PRODUCT_NAME = "$(TARGET_NAME)";
				SWIFT_VERSION = 5.0;
				TARGETED_DEVICE_FAMILY = "1,2";
			};
			name = Debug;
		};
		104441F824D2A663001BC229 /* Release */ = {
			isa = XCBuildConfiguration;
			buildSettings = {
				ASSETCATALOG_COMPILER_APPICON_NAME = AppIcon;
				CODE_SIGN_STYLE = Automatic;
				DEVELOPMENT_ASSET_PATHS = "\"m24_image_url/Preview Content\"";
				ENABLE_PREVIEWS = YES;
				INFOPLIST_FILE = m24_image_url/Info.plist;
				LD_RUNPATH_SEARCH_PATHS = (
					"$(inherited)",
					"@executable_path/Frameworks",
				);
				PRODUCT_BUNDLE_IDENTIFIER = "com.algokelvin.m24-image-url";
				PRODUCT_NAME = "$(TARGET_NAME)";
				SWIFT_VERSION = 5.0;
				TARGETED_DEVICE_FAMILY = "1,2";
			};
			name = Release;
		};
/* End XCBuildConfiguration section */

/* Begin XCConfigurationList section */
		104441DD24D2A65E001BC229 /* Build configuration list for PBXProject "m24_image_url" */ = {
			isa = XCConfigurationList;
			buildConfigurations = (
				104441F424D2A663001BC229 /* Debug */,
				104441F524D2A663001BC229 /* Release */,
			);
			defaultConfigurationIsVisible = 0;
			defaultConfigurationName = Release;
		};
		104441F624D2A663001BC229 /* Build configuration list for PBXNativeTarget "m24_image_url" */ = {
			isa = XCConfigurationList;
			buildConfigurations = (
				104441F724D2A663001BC229 /* Debug */,
				104441F824D2A663001BC229 /* Release */,
			);
			defaultConfigurationIsVisible = 0;
			defaultConfigurationName = Release;
		};
/* End XCConfigurationList section */
	};
	rootObject = 104441DA24D2A65E001BC229 /* Project object */;
}
