// !$*UTF8*$!
{
	archiveVersion = 1;
	classes = {
	};
	objectVersion = 50;
	objects = {

/* Begin PBXBuildFile section */
		103A671E24BAF52B006993AA /* AvengerDetail.swift in Sources */ = {isa = PBXBuildFile; fileRef = 103A671D24BAF52B006993AA /* AvengerDetail.swift */; };
		104F588C24B0C6F000C8A161 /* AppDelegate.swift in Sources */ = {isa = PBXBuildFile; fileRef = 104F588B24B0C6F000C8A161 /* AppDelegate.swift */; };
		104F588E24B0C6F000C8A161 /* SceneDelegate.swift in Sources */ = {isa = PBXBuildFile; fileRef = 104F588D24B0C6F000C8A161 /* SceneDelegate.swift */; };
		104F589024B0C6F000C8A161 /* ContentView.swift in Sources */ = {isa = PBXBuildFile; fileRef = 104F588F24B0C6F000C8A161 /* ContentView.swift */; };
		104F589224B0C6F200C8A161 /* Assets.xcassets in Resources */ = {isa = PBXBuildFile; fileRef = 104F589124B0C6F200C8A161 /* Assets.xcassets */; };
		104F589524B0C6F200C8A161 /* Preview Assets.xcassets in Resources */ = {isa = PBXBuildFile; fileRef = 104F589424B0C6F200C8A161 /* Preview Assets.xcassets */; };
		104F589824B0C6F200C8A161 /* LaunchScreen.storyboard in Resources */ = {isa = PBXBuildFile; fileRef = 104F589624B0C6F200C8A161 /* LaunchScreen.storyboard */; };
		104F58A124B0F64900C8A161 /* Avenger.swift in Sources */ = {isa = PBXBuildFile; fileRef = 104F58A024B0F64900C8A161 /* Avenger.swift */; };
/* End PBXBuildFile section */

/* Begin PBXFileReference section */
		103A671D24BAF52B006993AA /* AvengerDetail.swift */ = {isa = PBXFileReference; lastKnownFileType = sourcecode.swift; path = AvengerDetail.swift; sourceTree = "<group>"; };
		104F588824B0C6F000C8A161 /* m19_AvengerSwiftUI.app */ = {isa = PBXFileReference; explicitFileType = wrapper.application; includeInIndex = 0; path = m19_AvengerSwiftUI.app; sourceTree = BUILT_PRODUCTS_DIR; };
		104F588B24B0C6F000C8A161 /* AppDelegate.swift */ = {isa = PBXFileReference; lastKnownFileType = sourcecode.swift; path = AppDelegate.swift; sourceTree = "<group>"; };
		104F588D24B0C6F000C8A161 /* SceneDelegate.swift */ = {isa = PBXFileReference; lastKnownFileType = sourcecode.swift; path = SceneDelegate.swift; sourceTree = "<group>"; };
		104F588F24B0C6F000C8A161 /* ContentView.swift */ = {isa = PBXFileReference; lastKnownFileType = sourcecode.swift; path = ContentView.swift; sourceTree = "<group>"; };
		104F589124B0C6F200C8A161 /* Assets.xcassets */ = {isa = PBXFileReference; lastKnownFileType = folder.assetcatalog; path = Assets.xcassets; sourceTree = "<group>"; };
		104F589424B0C6F200C8A161 /* Preview Assets.xcassets */ = {isa = PBXFileReference; lastKnownFileType = folder.assetcatalog; path = "Preview Assets.xcassets"; sourceTree = "<group>"; };
		104F589724B0C6F200C8A161 /* Base */ = {isa = PBXFileReference; lastKnownFileType = file.storyboard; name = Base; path = Base.lproj/LaunchScreen.storyboard; sourceTree = "<group>"; };
		104F589924B0C6F200C8A161 /* Info.plist */ = {isa = PBXFileReference; lastKnownFileType = text.plist.xml; path = Info.plist; sourceTree = "<group>"; };
		104F58A024B0F64900C8A161 /* Avenger.swift */ = {isa = PBXFileReference; lastKnownFileType = sourcecode.swift; path = Avenger.swift; sourceTree = "<group>"; };
/* End PBXFileReference section */

/* Begin PBXFrameworksBuildPhase section */
		104F588524B0C6F000C8A161 /* Frameworks */ = {
			isa = PBXFrameworksBuildPhase;
			buildActionMask = 2147483647;
			files = (
			);
			runOnlyForDeploymentPostprocessing = 0;
		};
/* End PBXFrameworksBuildPhase section */

/* Begin PBXGroup section */
		103A671C24BAF4B3006993AA /* View */ = {
			isa = PBXGroup;
			children = (
				103A671D24BAF52B006993AA /* AvengerDetail.swift */,
			);
			path = View;
			sourceTree = "<group>";
		};
		104F587F24B0C6F000C8A161 = {
			isa = PBXGroup;
			children = (
				104F588A24B0C6F000C8A161 /* m19_AvengerSwiftUI */,
				104F588924B0C6F000C8A161 /* Products */,
			);
			sourceTree = "<group>";
		};
		104F588924B0C6F000C8A161 /* Products */ = {
			isa = PBXGroup;
			children = (
				104F588824B0C6F000C8A161 /* m19_AvengerSwiftUI.app */,
			);
			name = Products;
			sourceTree = "<group>";
		};
		104F588A24B0C6F000C8A161 /* m19_AvengerSwiftUI */ = {
			isa = PBXGroup;
			children = (
				103A671C24BAF4B3006993AA /* View */,
				104F589F24B0DE3D00C8A161 /* Model */,
				104F588B24B0C6F000C8A161 /* AppDelegate.swift */,
				104F588D24B0C6F000C8A161 /* SceneDelegate.swift */,
				104F588F24B0C6F000C8A161 /* ContentView.swift */,
				104F589124B0C6F200C8A161 /* Assets.xcassets */,
				104F589624B0C6F200C8A161 /* LaunchScreen.storyboard */,
				104F589924B0C6F200C8A161 /* Info.plist */,
				104F589324B0C6F200C8A161 /* Preview Content */,
			);
			path = m19_AvengerSwiftUI;
			sourceTree = "<group>";
		};
		104F589324B0C6F200C8A161 /* Preview Content */ = {
			isa = PBXGroup;
			children = (
				104F589424B0C6F200C8A161 /* Preview Assets.xcassets */,
			);
			path = "Preview Content";
			sourceTree = "<group>";
		};
		104F589F24B0DE3D00C8A161 /* Model */ = {
			isa = PBXGroup;
			children = (
				104F58A024B0F64900C8A161 /* Avenger.swift */,
			);
			path = Model;
			sourceTree = "<group>";
		};
/* End PBXGroup section */

/* Begin PBXNativeTarget section */
		104F588724B0C6F000C8A161 /* m19_AvengerSwiftUI */ = {
			isa = PBXNativeTarget;
			buildConfigurationList = 104F589C24B0C6F200C8A161 /* Build configuration list for PBXNativeTarget "m19_AvengerSwiftUI" */;
			buildPhases = (
				104F588424B0C6F000C8A161 /* Sources */,
				104F588524B0C6F000C8A161 /* Frameworks */,
				104F588624B0C6F000C8A161 /* Resources */,
			);
			buildRules = (
			);
			dependencies = (
			);
			name = m19_AvengerSwiftUI;
			productName = m19_AvengerSwiftUI;
			productReference = 104F588824B0C6F000C8A161 /* m19_AvengerSwiftUI.app */;
			productType = "com.apple.product-type.application";
		};
/* End PBXNativeTarget section */

/* Begin PBXProject section */
		104F588024B0C6F000C8A161 /* Project object */ = {
			isa = PBXProject;
			attributes = {
				LastSwiftUpdateCheck = 1130;
				LastUpgradeCheck = 1130;
				ORGANIZATIONNAME = "Kelvin HT";
				TargetAttributes = {
					104F588724B0C6F000C8A161 = {
						CreatedOnToolsVersion = 11.3.1;
					};
				};
			};
			buildConfigurationList = 104F588324B0C6F000C8A161 /* Build configuration list for PBXProject "m19_AvengerSwiftUI" */;
			compatibilityVersion = "Xcode 9.3";
			developmentRegion = en;
			hasScannedForEncodings = 0;
			knownRegions = (
				en,
				Base,
			);
			mainGroup = 104F587F24B0C6F000C8A161;
			productRefGroup = 104F588924B0C6F000C8A161 /* Products */;
			projectDirPath = "";
			projectRoot = "";
			targets = (
				104F588724B0C6F000C8A161 /* m19_AvengerSwiftUI */,
			);
		};
/* End PBXProject section */

/* Begin PBXResourcesBuildPhase section */
		104F588624B0C6F000C8A161 /* Resources */ = {
			isa = PBXResourcesBuildPhase;
			buildActionMask = 2147483647;
			files = (
				104F589824B0C6F200C8A161 /* LaunchScreen.storyboard in Resources */,
				104F589524B0C6F200C8A161 /* Preview Assets.xcassets in Resources */,
				104F589224B0C6F200C8A161 /* Assets.xcassets in Resources */,
			);
			runOnlyForDeploymentPostprocessing = 0;
		};
/* End PBXResourcesBuildPhase section */

/* Begin PBXSourcesBuildPhase section */
		104F588424B0C6F000C8A161 /* Sources */ = {
			isa = PBXSourcesBuildPhase;
			buildActionMask = 2147483647;
			files = (
				103A671E24BAF52B006993AA /* AvengerDetail.swift in Sources */,
				104F58A124B0F64900C8A161 /* Avenger.swift in Sources */,
				104F588C24B0C6F000C8A161 /* AppDelegate.swift in Sources */,
				104F588E24B0C6F000C8A161 /* SceneDelegate.swift in Sources */,
				104F589024B0C6F000C8A161 /* ContentView.swift in Sources */,
			);
			runOnlyForDeploymentPostprocessing = 0;
		};
/* End PBXSourcesBuildPhase section */

/* Begin PBXVariantGroup section */
		104F589624B0C6F200C8A161 /* LaunchScreen.storyboard */ = {
			isa = PBXVariantGroup;
			children = (
				104F589724B0C6F200C8A161 /* Base */,
			);
			name = LaunchScreen.storyboard;
			sourceTree = "<group>";
		};
/* End PBXVariantGroup section */

/* Begin XCBuildConfiguration section */
		104F589A24B0C6F200C8A161 /* Debug */ = {
			isa = XCBuildConfiguration;
			buildSettings = {
				ALWAYS_SEARCH_USER_PATHS = NO;
				CLANG_ANALYZER_NONNULL = YES;
				CLANG_ANALYZER_NUMBER_OBJECT_CONVERSION = YES_AGGRESSIVE;
				CLANG_CXX_LANGUAGE_STANDARD = "gnu++14";
				CLANG_CXX_LIBRARY = "libc++";
				CLANG_ENABLE_MODULES = YES;
				CLANG_ENABLE_OBJC_ARC = YES;
				CLANG_ENABLE_OBJC_WEAK = YES;
				CLANG_WARN_BLOCK_CAPTURE_AUTORELEASING = YES;
				CLANG_WARN_BOOL_CONVERSION = YES;
				CLANG_WARN_COMMA = YES;
				CLANG_WARN_CONSTANT_CONVERSION = YES;
				CLANG_WARN_DEPRECATED_OBJC_IMPLEMENTATIONS = YES;
				CLANG_WARN_DIRECT_OBJC_ISA_USAGE = YES_ERROR;
				CLANG_WARN_DOCUMENTATION_COMMENTS = YES;
				CLANG_WARN_EMPTY_BODY = YES;
				CLANG_WARN_ENUM_CONVERSION = YES;
				CLANG_WARN_INFINITE_RECURSION = YES;
				CLANG_WARN_INT_CONVERSION = YES;
				CLANG_WARN_NON_LITERAL_NULL_CONVERSION = YES;
				CLANG_WARN_OBJC_IMPLICIT_RETAIN_SELF = YES;
				CLANG_WARN_OBJC_LITERAL_CONVERSION = YES;
				CLANG_WARN_OBJC_ROOT_CLASS = YES_ERROR;
				CLANG_WARN_RANGE_LOOP_ANALYSIS = YES;
				CLANG_WARN_STRICT_PROTOTYPES = YES;
				CLANG_WARN_SUSPICIOUS_MOVE = YES;
				CLANG_WARN_UNGUARDED_AVAILABILITY = YES_AGGRESSIVE;
				CLANG_WARN_UNREACHABLE_CODE = YES;
				CLANG_WARN__DUPLICATE_METHOD_MATCH = YES;
				COPY_PHASE_STRIP = NO;
				DEBUG_INFORMATION_FORMAT = dwarf;
				ENABLE_STRICT_OBJC_MSGSEND = YES;
				ENABLE_TESTABILITY = YES;
				GCC_C_LANGUAGE_STANDARD = gnu11;
				GCC_DYNAMIC_NO_PIC = NO;
				GCC_NO_COMMON_BLOCKS = YES;
				GCC_OPTIMIZATION_LEVEL = 0;
				GCC_PREPROCESSOR_DEFINITIONS = (
					"DEBUG=1",
					"$(inherited)",
				);
				GCC_WARN_64_TO_32_BIT_CONVERSION = YES;
				GCC_WARN_ABOUT_RETURN_TYPE = YES_ERROR;
				GCC_WARN_UNDECLARED_SELECTOR = YES;
				GCC_WARN_UNINITIALIZED_AUTOS = YES_AGGRESSIVE;
				GCC_WARN_UNUSED_FUNCTION = YES;
				GCC_WARN_UNUSED_VARIABLE = YES;
				IPHONEOS_DEPLOYMENT_TARGET = 13.2;
				MTL_ENABLE_DEBUG_INFO = INCLUDE_SOURCE;
				MTL_FAST_MATH = YES;
				ONLY_ACTIVE_ARCH = YES;
				SDKROOT = iphoneos;
				SWIFT_ACTIVE_COMPILATION_CONDITIONS = DEBUG;
				SWIFT_OPTIMIZATION_LEVEL = "-Onone";
			};
			name = Debug;
		};
		104F589B24B0C6F200C8A161 /* Release */ = {
			isa = XCBuildConfiguration;
			buildSettings = {
				ALWAYS_SEARCH_USER_PATHS = NO;
				CLANG_ANALYZER_NONNULL = YES;
				CLANG_ANALYZER_NUMBER_OBJECT_CONVERSION = YES_AGGRESSIVE;
				CLANG_CXX_LANGUAGE_STANDARD = "gnu++14";
				CLANG_CXX_LIBRARY = "libc++";
				CLANG_ENABLE_MODULES = YES;
				CLANG_ENABLE_OBJC_ARC = YES;
				CLANG_ENABLE_OBJC_WEAK = YES;
				CLANG_WARN_BLOCK_CAPTURE_AUTORELEASING = YES;
				CLANG_WARN_BOOL_CONVERSION = YES;
				CLANG_WARN_COMMA = YES;
				CLANG_WARN_CONSTANT_CONVERSION = YES;
				CLANG_WARN_DEPRECATED_OBJC_IMPLEMENTATIONS = YES;
				CLANG_WARN_DIRECT_OBJC_ISA_USAGE = YES_ERROR;
				CLANG_WARN_DOCUMENTATION_COMMENTS = YES;
				CLANG_WARN_EMPTY_BODY = YES;
				CLANG_WARN_ENUM_CONVERSION = YES;
				CLANG_WARN_INFINITE_RECURSION = YES;
				CLANG_WARN_INT_CONVERSION = YES;
				CLANG_WARN_NON_LITERAL_NULL_CONVERSION = YES;
				CLANG_WARN_OBJC_IMPLICIT_RETAIN_SELF = YES;
				CLANG_WARN_OBJC_LITERAL_CONVERSION = YES;
				CLANG_WARN_OBJC_ROOT_CLASS = YES_ERROR;
				CLANG_WARN_RANGE_LOOP_ANALYSIS = YES;
				CLANG_WARN_STRICT_PROTOTYPES = YES;
				CLANG_WARN_SUSPICIOUS_MOVE = YES;
				CLANG_WARN_UNGUARDED_AVAILABILITY = YES_AGGRESSIVE;
				CLANG_WARN_UNREACHABLE_CODE = YES;
				CLANG_WARN__DUPLICATE_METHOD_MATCH = YES;
				COPY_PHASE_STRIP = NO;
				DEBUG_INFORMATION_FORMAT = "dwarf-with-dsym";
				ENABLE_NS_ASSERTIONS = NO;
				ENABLE_STRICT_OBJC_MSGSEND = YES;
				GCC_C_LANGUAGE_STANDARD = gnu11;
				GCC_NO_COMMON_BLOCKS = YES;
				GCC_WARN_64_TO_32_BIT_CONVERSION = YES;
				GCC_WARN_ABOUT_RETURN_TYPE = YES_ERROR;
				GCC_WARN_UNDECLARED_SELECTOR = YES;
				GCC_WARN_UNINITIALIZED_AUTOS = YES_AGGRESSIVE;
				GCC_WARN_UNUSED_FUNCTION = YES;
				GCC_WARN_UNUSED_VARIABLE = YES;
				IPHONEOS_DEPLOYMENT_TARGET = 13.2;
				MTL_ENABLE_DEBUG_INFO = NO;
				MTL_FAST_MATH = YES;
				SDKROOT = iphoneos;
				SWIFT_COMPILATION_MODE = wholemodule;
				SWIFT_OPTIMIZATION_LEVEL = "-O";
				VALIDATE_PRODUCT = YES;
			};
			name = Release;
		};
		104F589D24B0C6F200C8A161 /* Debug */ = {
			isa = XCBuildConfiguration;
			buildSettings = {
				ASSETCATALOG_COMPILER_APPICON_NAME = AppIcon;
				CODE_SIGN_STYLE = Automatic;
				DEVELOPMENT_ASSET_PATHS = "\"m19_AvengerSwiftUI/Preview Content\"";
				ENABLE_PREVIEWS = YES;
				INFOPLIST_FILE = m19_AvengerSwiftUI/Info.plist;
				LD_RUNPATH_SEARCH_PATHS = (
					"$(inherited)",
					"@executable_path/Frameworks",
				);
				PRODUCT_BUNDLE_IDENTIFIER = "com.algokelvin.m19-AvengerSwiftUI";
				PRODUCT_NAME = "$(TARGET_NAME)";
				SWIFT_VERSION = 5.0;
				TARGETED_DEVICE_FAMILY = "1,2";
			};
			name = Debug;
		};
		104F589E24B0C6F200C8A161 /* Release */ = {
			isa = XCBuildConfiguration;
			buildSettings = {
				ASSETCATALOG_COMPILER_APPICON_NAME = AppIcon;
				CODE_SIGN_STYLE = Automatic;
				DEVELOPMENT_ASSET_PATHS = "\"m19_AvengerSwiftUI/Preview Content\"";
				ENABLE_PREVIEWS = YES;
				INFOPLIST_FILE = m19_AvengerSwiftUI/Info.plist;
				LD_RUNPATH_SEARCH_PATHS = (
					"$(inherited)",
					"@executable_path/Frameworks",
				);
				PRODUCT_BUNDLE_IDENTIFIER = "com.algokelvin.m19-AvengerSwiftUI";
				PRODUCT_NAME = "$(TARGET_NAME)";
				SWIFT_VERSION = 5.0;
				TARGETED_DEVICE_FAMILY = "1,2";
			};
			name = Release;
		};
/* End XCBuildConfiguration section */

/* Begin XCConfigurationList section */
		104F588324B0C6F000C8A161 /* Build configuration list for PBXProject "m19_AvengerSwiftUI" */ = {
			isa = XCConfigurationList;
			buildConfigurations = (
				104F589A24B0C6F200C8A161 /* Debug */,
				104F589B24B0C6F200C8A161 /* Release */,
			);
			defaultConfigurationIsVisible = 0;
			defaultConfigurationName = Release;
		};
		104F589C24B0C6F200C8A161 /* Build configuration list for PBXNativeTarget "m19_AvengerSwiftUI" */ = {
			isa = XCConfigurationList;
			buildConfigurations = (
				104F589D24B0C6F200C8A161 /* Debug */,
				104F589E24B0C6F200C8A161 /* Release */,
			);
			defaultConfigurationIsVisible = 0;
			defaultConfigurationName = Release;
		};
/* End XCConfigurationList section */
	};
	rootObject = 104F588024B0C6F000C8A161 /* Project object */;
}
